
Microsoft Visual Studio Solution File, Format Version 11.00
# Visual Studio 2010
Project("{8BC9CEB8-8B4A-11D0-8D11-00A0C91BC942}") = "RippleDemo", "RippleDemo\RippleDemo.vcxproj", "{56AB8AB1-C6B6-4F4B-8CE5-53EA5EE5AE51}"
EndProject
Global
	GlobalSection(SolutionConfigurationPlatforms) = preSolution
		Debug|Win32 = Debug|Win32
		Release|Win32 = Release|Win32
	EndGlobalSection
	GlobalSection(ProjectConfigurationPlatforms) = postSolution
		{56AB8AB1-C6B6-4F4B-8CE5-53EA5EE5AE51}.Debug|Win32.ActiveCfg = Debug|Win32
		{56AB8AB1-C6B6-4F4B-8CE5-53EA5EE5AE51}.Debug|Win32.Build.0 = Debug|Win32
		{56AB8AB1-C6B6-4F4B-8CE5-53EA5EE5AE51}.Release|Win32.ActiveCfg = Release|Win32
		{56AB8AB1-C6B6-4F4B-8CE5-53EA5EE5AE51}.Release|Win32.Build.0 = Release|Win32
	EndGlobalSection
	GlobalSection(SolutionProperties) = preSolution
		HideSolutionNode = FALSE
	EndGlobalSection
EndGlobal
